// !$*UTF8*$!
{
	archiveVersion = 1;
	classes = {
	};
	objectVersion = 50;
	objects = {

/* Begin PBXBuildFile section */
		1B4017B280D94839AE49E2E6 /* libPods-HUDPlayground.a in Frameworks */ = {isa = PBXBuildFile; fileRef = 4ACE663969DCED15D4CCEB83 /* libPods-HUDPlayground.a */; };
		91CCD47520CE6D07007949E6 /* AppDelegate.m in Sources */ = {isa = PBXBuildFile; fileRef = 91CCD47420CE6D07007949E6 /* AppDelegate.m */; };
		91CCD47820CE6D07007949E6 /* ViewController.m in Sources */ = {isa = PBXBuildFile; fileRef = 91CCD47720CE6D07007949E6 /* ViewController.m */; };
		91CCD47B20CE6D07007949E6 /* Main.storyboard in Resources */ = {isa = PBXBuildFile; fileRef = 91CCD47920CE6D07007949E6 /* Main.storyboard */; };
		91CCD47D20CE6D09007949E6 /* Assets.xcassets in Resources */ = {isa = PBXBuildFile; fileRef = 91CCD47C20CE6D09007949E6 /* Assets.xcassets */; };
		91CCD48020CE6D09007949E6 /* LaunchScreen.storyboard in Resources */ = {isa = PBXBuildFile; fileRef = 91CCD47E20CE6D09007949E6 /* LaunchScreen.storyboard */; };
		91CCD48320CE6D09007949E6 /* main.m in Sources */ = {isa = PBXBuildFile; fileRef = 91CCD48220CE6D09007949E6 /* main.m */; };
/* End PBXBuildFile section */

/* Begin PBXFileReference section */
		4ACE663969DCED15D4CCEB83 /* libPods-HUDPlayground.a */ = {isa = PBXFileReference; explicitFileType = archive.ar; includeInIndex = 0; path = "libPods-HUDPlayground.a"; sourceTree = BUILT_PRODUCTS_DIR; };
		91CCD47020CE6D07007949E6 /* HUDPlayground.app */ = {isa = PBXFileReference; explicitFileType = wrapper.application; includeInIndex = 0; path = HUDPlayground.app; sourceTree = BUILT_PRODUCTS_DIR; };
		91CCD47320CE6D07007949E6 /* AppDelegate.h */ = {isa = PBXFileReference; lastKnownFileType = sourcecode.c.h; path = AppDelegate.h; sourceTree = "<group>"; };
		91CCD47420CE6D07007949E6 /* AppDelegate.m */ = {isa = PBXFileReference; lastKnownFileType = sourcecode.c.objc; path = AppDelegate.m; sourceTree = "<group>"; };
		91CCD47620CE6D07007949E6 /* ViewController.h */ = {isa = PBXFileReference; lastKnownFileType = sourcecode.c.h; path = ViewController.h; sourceTree = "<group>"; };
		91CCD47720CE6D07007949E6 /* ViewController.m */ = {isa = PBXFileReference; lastKnownFileType = sourcecode.c.objc; path = ViewController.m; sourceTree = "<group>"; };
		91CCD47A20CE6D07007949E6 /* Base */ = {isa = PBXFileReference; lastKnownFileType = file.storyboard; name = Base; path = Base.lproj/Main.storyboard; sourceTree = "<group>"; };
		91CCD47C20CE6D09007949E6 /* Assets.xcassets */ = {isa = PBXFileReference; lastKnownFileType = folder.assetcatalog; path = Assets.xcassets; sourceTree = "<group>"; };
		91CCD47F20CE6D09007949E6 /* Base */ = {isa = PBXFileReference; lastKnownFileType = file.storyboard; name = Base; path = Base.lproj/LaunchScreen.storyboard; sourceTree = "<group>"; };
		91CCD48120CE6D09007949E6 /* Info.plist */ = {isa = PBXFileReference; lastKnownFileType = text.plist.xml; path = Info.plist; sourceTree = "<group>"; };
		91CCD48220CE6D09007949E6 /* main.m */ = {isa = PBXFileReference; lastKnownFileType = sourcecode.c.objc; path = main.m; sourceTree = "<group>"; };
		E016F575AAC5770F1C363FB8 /* Pods-HUDPlayground.debug.xcconfig */ = {isa = PBXFileReference; includeInIndex = 1; lastKnownFileType = text.xcconfig; name = "Pods-HUDPlayground.debug.xcconfig"; path = "Pods/Target Support Files/Pods-HUDPlayground/Pods-HUDPlayground.debug.xcconfig"; sourceTree = "<group>"; };
		F9B152559E428DFE24470192 /* Pods-HUDPlayground.release.xcconfig */ = {isa = PBXFileReference; includeInIndex = 1; lastKnownFileType = text.xcconfig; name = "Pods-HUDPlayground.release.xcconfig"; path = "Pods/Target Support Files/Pods-HUDPlayground/Pods-HUDPlayground.release.xcconfig"; sourceTree = "<group>"; };
/* End PBXFileReference section */

/* Begin PBXFrameworksBuildPhase section */
		91CCD46D20CE6D07007949E6 /* Frameworks */ = {
			isa = PBXFrameworksBuildPhase;
			buildActionMask = 2147483647;
			files = (
				1B4017B280D94839AE49E2E6 /* libPods-HUDPlayground.a in Frameworks */,
			);
			runOnlyForDeploymentPostprocessing = 0;
		};
/* End PBXFrameworksBuildPhase section */

/* Begin PBXGroup section */
		65C533BD314380D5AD228ABB /* Pods */ = {
			isa = PBXGroup;
			children = (
				E016F575AAC5770F1C363FB8 /* Pods-HUDPlayground.debug.xcconfig */,
				F9B152559E428DFE24470192 /* Pods-HUDPlayground.release.xcconfig */,
			);
			name = Pods;
			sourceTree = "<group>";
		};
		91CCD46720CE6D07007949E6 = {
			isa = PBXGroup;
			children = (
				91CCD47220CE6D07007949E6 /* HUDPlayground */,
				91CCD47120CE6D07007949E6 /* Products */,
				65C533BD314380D5AD228ABB /* Pods */,
				CFF36EB33A8199F43376B9BC /* Frameworks */,
			);
			sourceTree = "<group>";
		};
		91CCD47120CE6D07007949E6 /* Products */ = {
			isa = PBXGroup;
			children = (
				91CCD47020CE6D07007949E6 /* HUDPlayground.app */,
			);
			name = Products;
			sourceTree = "<group>";
		};
		91CCD47220CE6D07007949E6 /* HUDPlayground */ = {
			isa = PBXGroup;
			children = (
				91CCD47320CE6D07007949E6 /* AppDelegate.h */,
				91CCD47420CE6D07007949E6 /* AppDelegate.m */,
				91CCD47620CE6D07007949E6 /* ViewController.h */,
				91CCD47720CE6D07007949E6 /* ViewController.m */,
				91CCD47920CE6D07007949E6 /* Main.storyboard */,
				91CCD47C20CE6D09007949E6 /* Assets.xcassets */,
				91CCD47E20CE6D09007949E6 /* LaunchScreen.storyboard */,
				91CCD48120CE6D09007949E6 /* Info.plist */,
				91CCD48220CE6D09007949E6 /* main.m */,
			);
			path = HUDPlayground;
			sourceTree = "<group>";
		};
		CFF36EB33A8199F43376B9BC /* Frameworks */ = {
			isa = PBXGroup;
			children = (
				4ACE663969DCED15D4CCEB83 /* libPods-HUDPlayground.a */,
			);
			name = Frameworks;
			sourceTree = "<group>";
		};
/* End PBXGroup section */

/* Begin PBXNativeTarget section */
		91CCD46F20CE6D07007949E6 /* HUDPlayground */ = {
			isa = PBXNativeTarget;
			buildConfigurationList = 91CCD48620CE6D09007949E6 /* Build configuration list for PBXNativeTarget "HUDPlayground" */;
			buildPhases = (
				7256D673FFF752007029BEBF /* [CP] Check Pods Manifest.lock */,
				91CCD46C20CE6D07007949E6 /* Sources */,
				91CCD46D20CE6D07007949E6 /* Frameworks */,
				91CCD46E20CE6D07007949E6 /* Resources */,
				91CCD48920CE6EEF007949E6 /* Bundle React Native code and images */,
				794F2AE68C66A12E6800DD27 /* [CP] Copy Pods Resources */,
			);
			buildRules = (
			);
			dependencies = (
			);
			name = HUDPlayground;
			productName = HUDPlayground;
			productReference = 91CCD47020CE6D07007949E6 /* HUDPlayground.app */;
			productType = "com.apple.product-type.application";
		};
/* End PBXNativeTarget section */

/* Begin PBXProject section */
		91CCD46820CE6D07007949E6 /* Project object */ = {
			isa = PBXProject;
			attributes = {
				LastUpgradeCheck = 0940;
				ORGANIZATIONNAME = Listen;
				TargetAttributes = {
					91CCD46F20CE6D07007949E6 = {
						CreatedOnToolsVersion = 9.4;
					};
				};
			};
			buildConfigurationList = 91CCD46B20CE6D07007949E6 /* Build configuration list for PBXProject "HUDPlayground" */;
			compatibilityVersion = "Xcode 9.3";
			developmentRegion = en;
			hasScannedForEncodings = 0;
			knownRegions = (
				en,
				Base,
			);
			mainGroup = 91CCD46720CE6D07007949E6;
			productRefGroup = 91CCD47120CE6D07007949E6 /* Products */;
			projectDirPath = "";
			projectRoot = "";
			targets = (
				91CCD46F20CE6D07007949E6 /* HUDPlayground */,
			);
		};
/* End PBXProject section */

/* Begin PBXResourcesBuildPhase section */
		91CCD46E20CE6D07007949E6 /* Resources */ = {
			isa = PBXResourcesBuildPhase;
			buildActionMask = 2147483647;
			files = (
				91CCD48020CE6D09007949E6 /* LaunchScreen.storyboard in Resources */,
				91CCD47D20CE6D09007949E6 /* Assets.xcassets in Resources */,
				91CCD47B20CE6D07007949E6 /* Main.storyboard in Resources */,
			);
			runOnlyForDeploymentPostprocessing = 0;
		};
/* End PBXResourcesBuildPhase section */

/* Begin PBXShellScriptBuildPhase section */
		7256D673FFF752007029BEBF /* [CP] Check Pods Manifest.lock */ = {
			isa = PBXShellScriptBuildPhase;
			buildActionMask = 2147483647;
			files = (
			);
			inputPaths = (
				"${PODS_PODFILE_DIR_PATH}/Podfile.lock",
				"${PODS_ROOT}/Manifest.lock",
			);
			name = "[CP] Check Pods Manifest.lock";
			outputPaths = (
				"$(DERIVED_FILE_DIR)/Pods-HUDPlayground-checkManifestLockResult.txt",
			);
			runOnlyForDeploymentPostprocessing = 0;
			shellPath = /bin/sh;
			shellScript = "diff \"${PODS_PODFILE_DIR_PATH}/Podfile.lock\" \"${PODS_ROOT}/Manifest.lock\" > /dev/null\nif [ $? != 0 ] ; then\n    # print error to STDERR\n    echo \"error: The sandbox is not in sync with the Podfile.lock. Run 'pod install' or update your CocoaPods installation.\" >&2\n    exit 1\nfi\n# This output is used by Xcode 'outputs' to avoid re-running this script phase.\necho \"SUCCESS\" > \"${SCRIPT_OUTPUT_FILE_0}\"\n";
			showEnvVarsInLog = 0;
		};
		794F2AE68C66A12E6800DD27 /* [CP] Copy Pods Resources */ = {
			isa = PBXShellScriptBuildPhase;
			buildActionMask = 2147483647;
			files = (
			);
			inputPaths = (
				"${SRCROOT}/Pods/Target Support Files/Pods-HUDPlayground/Pods-HUDPlayground-resources.sh",
				"${PODS_CONFIGURATION_BUILD_DIR}/HudHybrid/HudHybrid.bundle",
			);
			name = "[CP] Copy Pods Resources";
			outputPaths = (
				"${TARGET_BUILD_DIR}/${UNLOCALIZED_RESOURCES_FOLDER_PATH}/HudHybrid.bundle",
			);
			runOnlyForDeploymentPostprocessing = 0;
			shellPath = /bin/sh;
			shellScript = "\"${SRCROOT}/Pods/Target Support Files/Pods-HUDPlayground/Pods-HUDPlayground-resources.sh\"\n";
			showEnvVarsInLog = 0;
		};
		91CCD48920CE6EEF007949E6 /* Bundle React Native code and images */ = {
			isa = PBXShellScriptBuildPhase;
			buildActionMask = 2147483647;
			files = (
			);
			inputPaths = (
			);
			name = "Bundle React Native code and images";
			outputPaths = (
			);
			runOnlyForDeploymentPostprocessing = 0;
			shellPath = /bin/sh;
			shellScript = "export NODE_BINARY=node\n../../node_modules/react-native/scripts/react-native-xcode.sh playground/index.js\n";
		};
/* End PBXShellScriptBuildPhase section */

/* Begin PBXSourcesBuildPhase section */
		91CCD46C20CE6D07007949E6 /* Sources */ = {
			isa = PBXSourcesBuildPhase;
			buildActionMask = 2147483647;
			files = (
				91CCD47820CE6D07007949E6 /* ViewController.m in Sources */,
				91CCD48320CE6D09007949E6 /* main.m in Sources */,
				91CCD47520CE6D07007949E6 /* AppDelegate.m in Sources */,
			);
			runOnlyForDeploymentPostprocessing = 0;
		};
/* End PBXSourcesBuildPhase section */

/* Begin PBXVariantGroup section */
		91CCD47920CE6D07007949E6 /* Main.storyboard */ = {
			isa = PBXVariantGroup;
			children = (
				91CCD47A20CE6D07007949E6 /* Base */,
			);
			name = Main.storyboard;
			sourceTree = "<group>";
		};
		91CCD47E20CE6D09007949E6 /* LaunchScreen.storyboard */ = {
			isa = PBXVariantGroup;
			children = (
				91CCD47F20CE6D09007949E6 /* Base */,
			);
			name = LaunchScreen.storyboard;
			sourceTree = "<group>";
		};
/* End PBXVariantGroup section */

/* Begin XCBuildConfiguration section */
		91CCD48420CE6D09007949E6 /* Debug */ = {
			isa = XCBuildConfiguration;
			buildSettings = {
				ALWAYS_SEARCH_USER_PATHS = NO;
				CLANG_ANALYZER_NONNULL = YES;
				CLANG_ANALYZER_NUMBER_OBJECT_CONVERSION = YES_AGGRESSIVE;
				CLANG_CXX_LANGUAGE_STANDARD = "gnu++14";
				CLANG_CXX_LIBRARY = "libc++";
				CLANG_ENABLE_MODULES = YES;
				CLANG_ENABLE_OBJC_ARC = YES;
				CLANG_ENABLE_OBJC_WEAK = YES;
				CLANG_WARN_BLOCK_CAPTURE_AUTORELEASING = YES;
				CLANG_WARN_BOOL_CONVERSION = YES;
				CLANG_WARN_COMMA = YES;
				CLANG_WARN_CONSTANT_CONVERSION = YES;
				CLANG_WARN_DEPRECATED_OBJC_IMPLEMENTATIONS = YES;
				CLANG_WARN_DIRECT_OBJC_ISA_USAGE = YES_ERROR;
				CLANG_WARN_DOCUMENTATION_COMMENTS = YES;
				CLANG_WARN_EMPTY_BODY = YES;
				CLANG_WARN_ENUM_CONVERSION = YES;
				CLANG_WARN_INFINITE_RECURSION = YES;
				CLANG_WARN_INT_CONVERSION = YES;
				CLANG_WARN_NON_LITERAL_NULL_CONVERSION = YES;
				CLANG_WARN_OBJC_IMPLICIT_RETAIN_SELF = YES;
				CLANG_WARN_OBJC_LITERAL_CONVERSION = YES;
				CLANG_WARN_OBJC_ROOT_CLASS = YES_ERROR;
				CLANG_WARN_RANGE_LOOP_ANALYSIS = YES;
				CLANG_WARN_STRICT_PROTOTYPES = YES;
				CLANG_WARN_SUSPICIOUS_MOVE = YES;
				CLANG_WARN_UNGUARDED_AVAILABILITY = YES_AGGRESSIVE;
				CLANG_WARN_UNREACHABLE_CODE = YES;
				CLANG_WARN__DUPLICATE_METHOD_MATCH = YES;
				CODE_SIGN_IDENTITY = "iPhone Developer";
				COPY_PHASE_STRIP = NO;
				DEBUG_INFORMATION_FORMAT = dwarf;
				ENABLE_STRICT_OBJC_MSGSEND = YES;
				ENABLE_TESTABILITY = YES;
				GCC_C_LANGUAGE_STANDARD = gnu11;
				GCC_DYNAMIC_NO_PIC = NO;
				GCC_NO_COMMON_BLOCKS = YES;
				GCC_OPTIMIZATION_LEVEL = 0;
				GCC_PREPROCESSOR_DEFINITIONS = (
					"DEBUG=1",
					"$(inherited)",
				);
				GCC_WARN_64_TO_32_BIT_CONVERSION = YES;
				GCC_WARN_ABOUT_RETURN_TYPE = YES_ERROR;
				GCC_WARN_UNDECLARED_SELECTOR = YES;
				GCC_WARN_UNINITIALIZED_AUTOS = YES_AGGRESSIVE;
				GCC_WARN_UNUSED_FUNCTION = YES;
				GCC_WARN_UNUSED_VARIABLE = YES;
				IPHONEOS_DEPLOYMENT_TARGET = 9.0;
				MTL_ENABLE_DEBUG_INFO = YES;
				ONLY_ACTIVE_ARCH = YES;
				SDKROOT = iphoneos;
			};
			name = Debug;
		};
		91CCD48520CE6D09007949E6 /* Release */ = {
			isa = XCBuildConfiguration;
			buildSettings = {
				ALWAYS_SEARCH_USER_PATHS = NO;
				CLANG_ANALYZER_NONNULL = YES;
				CLANG_ANALYZER_NUMBER_OBJECT_CONVERSION = YES_AGGRESSIVE;
				CLANG_CXX_LANGUAGE_STANDARD = "gnu++14";
				CLANG_CXX_LIBRARY = "libc++";
				CLANG_ENABLE_MODULES = YES;
				CLANG_ENABLE_OBJC_ARC = YES;
				CLANG_ENABLE_OBJC_WEAK = YES;
				CLANG_WARN_BLOCK_CAPTURE_AUTORELEASING = YES;
				CLANG_WARN_BOOL_CONVERSION = YES;
				CLANG_WARN_COMMA = YES;
				CLANG_WARN_CONSTANT_CONVERSION = YES;
				CLANG_WARN_DEPRECATED_OBJC_IMPLEMENTATIONS = YES;
				CLANG_WARN_DIRECT_OBJC_ISA_USAGE = YES_ERROR;
				CLANG_WARN_DOCUMENTATION_COMMENTS = YES;
				CLANG_WARN_EMPTY_BODY = YES;
				CLANG_WARN_ENUM_CONVERSION = YES;
				CLANG_WARN_INFINITE_RECURSION = YES;
				CLANG_WARN_INT_CONVERSION = YES;
				CLANG_WARN_NON_LITERAL_NULL_CONVERSION = YES;
				CLANG_WARN_OBJC_IMPLICIT_RETAIN_SELF = YES;
				CLANG_WARN_OBJC_LITERAL_CONVERSION = YES;
				CLANG_WARN_OBJC_ROOT_CLASS = YES_ERROR;
				CLANG_WARN_RANGE_LOOP_ANALYSIS = YES;
				CLANG_WARN_STRICT_PROTOTYPES = YES;
				CLANG_WARN_SUSPICIOUS_MOVE = YES;
				CLANG_WARN_UNGUARDED_AVAILABILITY = YES_AGGRESSIVE;
				CLANG_WARN_UNREACHABLE_CODE = YES;
				CLANG_WARN__DUPLICATE_METHOD_MATCH = YES;
				CODE_SIGN_IDENTITY = "iPhone Developer";
				COPY_PHASE_STRIP = NO;
				DEBUG_INFORMATION_FORMAT = "dwarf-with-dsym";
				ENABLE_NS_ASSERTIONS = NO;
				ENABLE_STRICT_OBJC_MSGSEND = YES;
				GCC_C_LANGUAGE_STANDARD = gnu11;
				GCC_NO_COMMON_BLOCKS = YES;
				GCC_WARN_64_TO_32_BIT_CONVERSION = YES;
				GCC_WARN_ABOUT_RETURN_TYPE = YES_ERROR;
				GCC_WARN_UNDECLARED_SELECTOR = YES;
				GCC_WARN_UNINITIALIZED_AUTOS = YES_AGGRESSIVE;
				GCC_WARN_UNUSED_FUNCTION = YES;
				GCC_WARN_UNUSED_VARIABLE = YES;
				IPHONEOS_DEPLOYMENT_TARGET = 9.0;
				MTL_ENABLE_DEBUG_INFO = NO;
				SDKROOT = iphoneos;
				VALIDATE_PRODUCT = YES;
			};
			name = Release;
		};
		91CCD48720CE6D09007949E6 /* Debug */ = {
			isa = XCBuildConfiguration;
			baseConfigurationReference = E016F575AAC5770F1C363FB8 /* Pods-HUDPlayground.debug.xcconfig */;
			buildSettings = {
				ASSETCATALOG_COMPILER_APPICON_NAME = AppIcon;
				CODE_SIGN_STYLE = Automatic;
				DEVELOPMENT_TEAM = RJX3H8KBAF;
				INFOPLIST_FILE = HUDPlayground/Info.plist;
				LD_RUNPATH_SEARCH_PATHS = (
					"$(inherited)",
					"@executable_path/Frameworks",
				);
				PRODUCT_BUNDLE_IDENTIFIER = com.taihua.HUDPlayground;
				PRODUCT_NAME = "$(TARGET_NAME)";
				TARGETED_DEVICE_FAMILY = "1,2";
			};
			name = Debug;
		};
		91CCD48820CE6D09007949E6 /* Release */ = {
			isa = XCBuildConfiguration;
			baseConfigurationReference = F9B152559E428DFE24470192 /* Pods-HUDPlayground.release.xcconfig */;
			buildSettings = {
				ASSETCATALOG_COMPILER_APPICON_NAME = AppIcon;
				CODE_SIGN_STYLE = Automatic;
				DEVELOPMENT_TEAM = RJX3H8KBAF;
				INFOPLIST_FILE = HUDPlayground/Info.plist;
				LD_RUNPATH_SEARCH_PATHS = (
					"$(inherited)",
					"@executable_path/Frameworks",
				);
				PRODUCT_BUNDLE_IDENTIFIER = com.taihua.HUDPlayground;
				PRODUCT_NAME = "$(TARGET_NAME)";
				TARGETED_DEVICE_FAMILY = "1,2";
			};
			name = Release;
		};
/* End XCBuildConfiguration section */

/* Begin XCConfigurationList section */
		91CCD46B20CE6D07007949E6 /* Build configuration list for PBXProject "HUDPlayground" */ = {
			isa = XCConfigurationList;
			buildConfigurations = (
				91CCD48420CE6D09007949E6 /* Debug */,
				91CCD48520CE6D09007949E6 /* Release */,
			);
			defaultConfigurationIsVisible = 0;
			defaultConfigurationName = Release;
		};
		91CCD48620CE6D09007949E6 /* Build configuration list for PBXNativeTarget "HUDPlayground" */ = {
			isa = XCConfigurationList;
			buildConfigurations = (
				91CCD48720CE6D09007949E6 /* Debug */,
				91CCD48820CE6D09007949E6 /* Release */,
			);
			defaultConfigurationIsVisible = 0;
			defaultConfigurationName = Release;
		};
/* End XCConfigurationList section */
	};
	rootObject = 91CCD46820CE6D07007949E6 /* Project object */;
}
